
Microsoft Visual Studio Solution File, Format Version 12.00
# Visual Studio Version 17
VisualStudioVersion = 17.11.35327.3
MinimumVisualStudioVersion = 10.0.40219.1
Project("{8BC9CEB8-8B4A-11D0-8D11-00A0C91BC942}") = "BigBank", "BigBank\BigBank.vcxproj", "{664B0F02-C2C0-4970-8003-13E525E7D20D}"
EndProject
Global
	GlobalSection(SolutionConfigurationPlatforms) = preSolution
		Debug|x64 = Debug|x64
		Debug|x86 = Debug|x86
		Release|x64 = Release|x64
		Release|x86 = Release|x86
	EndGlobalSection
	GlobalSection(ProjectConfigurationPlatforms) = postSolution
		{664B0F02-C2C0-4970-8003-13E525E7D20D}.Debug|x64.ActiveCfg = Debug|x64
		{664B0F02-C2C0-4970-8003-13E525E7D20D}.Debug|x64.Build.0 = Debug|x64
		{664B0F02-C2C0-4970-8003-13E525E7D20D}.Debug|x86.ActiveCfg = Debug|Win32
		{664B0F02-C2C0-4970-8003-13E525E7D20D}.Debug|x86.Build.0 = Debug|Win32
		{664B0F02-C2C0-4970-8003-13E525E7D20D}.Release|x64.ActiveCfg = Release|x64
		{664B0F02-C2C0-4970-8003-13E525E7D20D}.Release|x64.Build.0 = Release|x64
		{664B0F02-C2C0-4970-8003-13E525E7D20D}.Release|x86.ActiveCfg = Release|Win32
		{664B0F02-C2C0-4970-8003-13E525E7D20D}.Release|x86.Build.0 = Release|Win32
	EndGlobalSection
	GlobalSection(SolutionProperties) = preSolution
		HideSolutionNode = FALSE
	EndGlobalSection
	GlobalSection(ExtensibilityGlobals) = postSolution
		SolutionGuid = {05B02C65-D26B-45D9-99F0-8D684435A8AD}
	EndGlobalSection
EndGlobal
